
Microsoft Visual Studio Solution File, Format Version 12.00
# Visual Studio 15
VisualStudioVersion = 15.0.27703.2000
MinimumVisualStudioVersion = 10.0.40219.1
Project("{FAE04EC0-301F-11D3-BF4B-00C04F79EFBC}") = "Lab1", "Lab1\Lab1.csproj", "{4DB493A3-7575-44D2-ADA1-CCE81B41FFC9}"
EndProject
Project("{FAE04EC0-301F-11D3-BF4B-00C04F79EFBC}") = "Lab2", "Lab2\Lab2.csproj", "{4D2CF1BB-C01D-4601-A6F3-085E35D94410}"
EndProject
Project("{FAE04EC0-301F-11D3-BF4B-00C04F79EFBC}") = "Lab3", "Lab3\Lab3.csproj", "{630E2C2B-D62B-45F2-89E5-D764F759456F}"
EndProject
Project("{FAE04EC0-301F-11D3-BF4B-00C04F79EFBC}") = "Lab4", "Lab4\Lab4.csproj", "{F82F0399-D378-4A0A-B682-683130749353}"
EndProject
Project("{FAE04EC0-301F-11D3-BF4B-00C04F79EFBC}") = "Lab5", "Lab5\Lab5.csproj", "{4C84905C-1C46-4B2A-93D2-09C1647DC33B}"
EndProject
Project("{FAE04EC0-301F-11D3-BF4B-00C04F79EFBC}") = "Lab2.2", "Lab2.2\Lab2.2.csproj", "{AA7753DC-0EC6-4BA6-A65E-3A21079E9988}"
EndProject
Project("{FAE04EC0-301F-11D3-BF4B-00C04F79EFBC}") = "Lab2.3", "Lab2.3\Lab2.3.csproj", "{419F40FA-5314-48F6-800C-07053F9C88D2}"
EndProject
Project("{FAE04EC0-301F-11D3-BF4B-00C04F79EFBC}") = "Lab2.4", "Lab2.4\Lab2.4.csproj", "{77C5CB14-6CD4-40EE-ACB5-DC9F486E3156}"
EndProject
Project("{FAE04EC0-301F-11D3-BF4B-00C04F79EFBC}") = "Lab2.5", "Lab2.5\Lab2.5.csproj", "{E3324617-AD0D-4DB9-8BDA-8B7DA22C51E1}"
EndProject
Project("{FAE04EC0-301F-11D3-BF4B-00C04F79EFBC}") = "Lab2.1", "Lab2.1\Lab2.1.csproj", "{CDAC6B3B-FB1E-4C67-8CAC-5A10541576F7}"
EndProject
Global
	GlobalSection(SolutionConfigurationPlatforms) = preSolution
		Debug|Any CPU = Debug|Any CPU
		Debug|ARM = Debug|ARM
		Debug|x64 = Debug|x64
		Debug|x86 = Debug|x86
		Release|Any CPU = Release|Any CPU
		Release|ARM = Release|ARM
		Release|x64 = Release|x64
		Release|x86 = Release|x86
	EndGlobalSection
	GlobalSection(ProjectConfigurationPlatforms) = postSolution
		{4DB493A3-7575-44D2-ADA1-CCE81B41FFC9}.Debug|Any CPU.ActiveCfg = Debug|Any CPU
		{4DB493A3-7575-44D2-ADA1-CCE81B41FFC9}.Debug|Any CPU.Build.0 = Debug|Any CPU
		{4DB493A3-7575-44D2-ADA1-CCE81B41FFC9}.Debug|ARM.ActiveCfg = Debug|Any CPU
		{4DB493A3-7575-44D2-ADA1-CCE81B41FFC9}.Debug|ARM.Build.0 = Debug|Any CPU
		{4DB493A3-7575-44D2-ADA1-CCE81B41FFC9}.Debug|x64.ActiveCfg = Debug|Any CPU
		{4DB493A3-7575-44D2-ADA1-CCE81B41FFC9}.Debug|x64.Build.0 = Debug|Any CPU
		{4DB493A3-7575-44D2-ADA1-CCE81B41FFC9}.Debug|x86.ActiveCfg = Debug|Any CPU
		{4DB493A3-7575-44D2-ADA1-CCE81B41FFC9}.Debug|x86.Build.0 = Debug|Any CPU
		{4DB493A3-7575-44D2-ADA1-CCE81B41FFC9}.Release|Any CPU.ActiveCfg = Release|Any CPU
		{4DB493A3-7575-44D2-ADA1-CCE81B41FFC9}.Release|Any CPU.Build.0 = Release|Any CPU
		{4DB493A3-7575-44D2-ADA1-CCE81B41FFC9}.Release|ARM.ActiveCfg = Release|Any CPU
		{4DB493A3-7575-44D2-ADA1-CCE81B41FFC9}.Release|ARM.Build.0 = Release|Any CPU
		{4DB493A3-7575-44D2-ADA1-CCE81B41FFC9}.Release|x64.ActiveCfg = Release|Any CPU
		{4DB493A3-7575-44D2-ADA1-CCE81B41FFC9}.Release|x64.Build.0 = Release|Any CPU
		{4DB493A3-7575-44D2-ADA1-CCE81B41FFC9}.Release|x86.ActiveCfg = Release|Any CPU
		{4DB493A3-7575-44D2-ADA1-CCE81B41FFC9}.Release|x86.Build.0 = Release|Any CPU
		{4D2CF1BB-C01D-4601-A6F3-085E35D94410}.Debug|Any CPU.ActiveCfg = Debug|Any CPU
		{4D2CF1BB-C01D-4601-A6F3-085E35D94410}.Debug|Any CPU.Build.0 = Debug|Any CPU
		{4D2CF1BB-C01D-4601-A6F3-085E35D94410}.Debug|ARM.ActiveCfg = Debug|Any CPU
		{4D2CF1BB-C01D-4601-A6F3-085E35D94410}.Debug|ARM.Build.0 = Debug|Any CPU
		{4D2CF1BB-C01D-4601-A6F3-085E35D94410}.Debug|x64.ActiveCfg = Debug|Any CPU
		{4D2CF1BB-C01D-4601-A6F3-085E35D94410}.Debug|x64.Build.0 = Debug|Any CPU
		{4D2CF1BB-C01D-4601-A6F3-085E35D94410}.Debug|x86.ActiveCfg = Debug|Any CPU
		{4D2CF1BB-C01D-4601-A6F3-085E35D94410}.Debug|x86.Build.0 = Debug|Any CPU
		{4D2CF1BB-C01D-4601-A6F3-085E35D94410}.Release|Any CPU.ActiveCfg = Release|Any CPU
		{4D2CF1BB-C01D-4601-A6F3-085E35D94410}.Release|Any CPU.Build.0 = Release|Any CPU
		{4D2CF1BB-C01D-4601-A6F3-085E35D94410}.Release|ARM.ActiveCfg = Release|Any CPU
		{4D2CF1BB-C01D-4601-A6F3-085E35D94410}.Release|ARM.Build.0 = Release|Any CPU
		{4D2CF1BB-C01D-4601-A6F3-085E35D94410}.Release|x64.ActiveCfg = Release|Any CPU
		{4D2CF1BB-C01D-4601-A6F3-085E35D94410}.Release|x64.Build.0 = Release|Any CPU
		{4D2CF1BB-C01D-4601-A6F3-085E35D94410}.Release|x86.ActiveCfg = Release|Any CPU
		{4D2CF1BB-C01D-4601-A6F3-085E35D94410}.Release|x86.Build.0 = Release|Any CPU
		{630E2C2B-D62B-45F2-89E5-D764F759456F}.Debug|Any CPU.ActiveCfg = Debug|Any CPU
		{630E2C2B-D62B-45F2-89E5-D764F759456F}.Debug|Any CPU.Build.0 = Debug|Any CPU
		{630E2C2B-D62B-45F2-89E5-D764F759456F}.Debug|ARM.ActiveCfg = Debug|Any CPU
		{630E2C2B-D62B-45F2-89E5-D764F759456F}.Debug|ARM.Build.0 = Debug|Any CPU
		{630E2C2B-D62B-45F2-89E5-D764F759456F}.Debug|x64.ActiveCfg = Debug|Any CPU
		{630E2C2B-D62B-45F2-89E5-D764F759456F}.Debug|x64.Build.0 = Debug|Any CPU
		{630E2C2B-D62B-45F2-89E5-D764F759456F}.Debug|x86.ActiveCfg = Debug|Any CPU
		{630E2C2B-D62B-45F2-89E5-D764F759456F}.Debug|x86.Build.0 = Debug|Any CPU
		{630E2C2B-D62B-45F2-89E5-D764F759456F}.Release|Any CPU.ActiveCfg = Release|Any CPU
		{630E2C2B-D62B-45F2-89E5-D764F759456F}.Release|Any CPU.Build.0 = Release|Any CPU
		{630E2C2B-D62B-45F2-89E5-D764F759456F}.Release|ARM.ActiveCfg = Release|Any CPU
		{630E2C2B-D62B-45F2-89E5-D764F759456F}.Release|ARM.Build.0 = Release|Any CPU
		{630E2C2B-D62B-45F2-89E5-D764F759456F}.Release|x64.ActiveCfg = Release|Any CPU
		{630E2C2B-D62B-45F2-89E5-D764F759456F}.Release|x64.Build.0 = Release|Any CPU
		{630E2C2B-D62B-45F2-89E5-D764F759456F}.Release|x86.ActiveCfg = Release|Any CPU
		{630E2C2B-D62B-45F2-89E5-D764F759456F}.Release|x86.Build.0 = Release|Any CPU
		{F82F0399-D378-4A0A-B682-683130749353}.Debug|Any CPU.ActiveCfg = Debug|Any CPU
		{F82F0399-D378-4A0A-B682-683130749353}.Debug|Any CPU.Build.0 = Debug|Any CPU
		{F82F0399-D378-4A0A-B682-683130749353}.Debug|ARM.ActiveCfg = Debug|Any CPU
		{F82F0399-D378-4A0A-B682-683130749353}.Debug|ARM.Build.0 = Debug|Any CPU
		{F82F0399-D378-4A0A-B682-683130749353}.Debug|x64.ActiveCfg = Debug|Any CPU
		{F82F0399-D378-4A0A-B682-683130749353}.Debug|x64.Build.0 = Debug|Any CPU
		{F82F0399-D378-4A0A-B682-683130749353}.Debug|x86.ActiveCfg = Debug|Any CPU
		{F82F0399-D378-4A0A-B682-683130749353}.Debug|x86.Build.0 = Debug|Any CPU
		{F82F0399-D378-4A0A-B682-683130749353}.Release|Any CPU.ActiveCfg = Release|Any CPU
		{F82F0399-D378-4A0A-B682-683130749353}.Release|Any CPU.Build.0 = Release|Any CPU
		{F82F0399-D378-4A0A-B682-683130749353}.Release|ARM.ActiveCfg = Release|Any CPU
		{F82F0399-D378-4A0A-B682-683130749353}.Release|ARM.Build.0 = Release|Any CPU
		{F82F0399-D378-4A0A-B682-683130749353}.Release|x64.ActiveCfg = Release|Any CPU
		{F82F0399-D378-4A0A-B682-683130749353}.Release|x64.Build.0 = Release|Any CPU
		{F82F0399-D378-4A0A-B682-683130749353}.Release|x86.ActiveCfg = Release|Any CPU
		{F82F0399-D378-4A0A-B682-683130749353}.Release|x86.Build.0 = Release|Any CPU
		{4C84905C-1C46-4B2A-93D2-09C1647DC33B}.Debug|Any CPU.ActiveCfg = Debug|Any CPU
		{4C84905C-1C46-4B2A-93D2-09C1647DC33B}.Debug|Any CPU.Build.0 = Debug|Any CPU
		{4C84905C-1C46-4B2A-93D2-09C1647DC33B}.Debug|ARM.ActiveCfg = Debug|Any CPU
		{4C84905C-1C46-4B2A-93D2-09C1647DC33B}.Debug|ARM.Build.0 = Debug|Any CPU
		{4C84905C-1C46-4B2A-93D2-09C1647DC33B}.Debug|x64.ActiveCfg = Debug|Any CPU
		{4C84905C-1C46-4B2A-93D2-09C1647DC33B}.Debug|x64.Build.0 = Debug|Any CPU
		{4C84905C-1C46-4B2A-93D2-09C1647DC33B}.Debug|x86.ActiveCfg = Debug|Any CPU
		{4C84905C-1C46-4B2A-93D2-09C1647DC33B}.Debug|x86.Build.0 = Debug|Any CPU
		{4C84905C-1C46-4B2A-93D2-09C1647DC33B}.Release|Any CPU.ActiveCfg = Release|Any CPU
		{4C84905C-1C46-4B2A-93D2-09C1647DC33B}.Release|Any CPU.Build.0 = Release|Any CPU
		{4C84905C-1C46-4B2A-93D2-09C1647DC33B}.Release|ARM.ActiveCfg = Release|Any CPU
		{4C84905C-1C46-4B2A-93D2-09C1647DC33B}.Release|ARM.Build.0 = Release|Any CPU
		{4C84905C-1C46-4B2A-93D2-09C1647DC33B}.Release|x64.ActiveCfg = Release|Any CPU
		{4C84905C-1C46-4B2A-93D2-09C1647DC33B}.Release|x64.Build.0 = Release|Any CPU
		{4C84905C-1C46-4B2A-93D2-09C1647DC33B}.Release|x86.ActiveCfg = Release|Any CPU
		{4C84905C-1C46-4B2A-93D2-09C1647DC33B}.Release|x86.Build.0 = Release|Any CPU
		{AA7753DC-0EC6-4BA6-A65E-3A21079E9988}.Debug|Any CPU.ActiveCfg = Debug|Any CPU
		{AA7753DC-0EC6-4BA6-A65E-3A21079E9988}.Debug|Any CPU.Build.0 = Debug|Any CPU
		{AA7753DC-0EC6-4BA6-A65E-3A21079E9988}.Debug|ARM.ActiveCfg = Debug|Any CPU
		{AA7753DC-0EC6-4BA6-A65E-3A21079E9988}.Debug|ARM.Build.0 = Debug|Any CPU
		{AA7753DC-0EC6-4BA6-A65E-3A21079E9988}.Debug|x64.ActiveCfg = Debug|Any CPU
		{AA7753DC-0EC6-4BA6-A65E-3A21079E9988}.Debug|x64.Build.0 = Debug|Any CPU
		{AA7753DC-0EC6-4BA6-A65E-3A21079E9988}.Debug|x86.ActiveCfg = Debug|Any CPU
		{AA7753DC-0EC6-4BA6-A65E-3A21079E9988}.Debug|x86.Build.0 = Debug|Any CPU
		{AA7753DC-0EC6-4BA6-A65E-3A21079E9988}.Release|Any CPU.ActiveCfg = Release|Any CPU
		{AA7753DC-0EC6-4BA6-A65E-3A21079E9988}.Release|Any CPU.Build.0 = Release|Any CPU
		{AA7753DC-0EC6-4BA6-A65E-3A21079E9988}.Release|ARM.ActiveCfg = Release|Any CPU
		{AA7753DC-0EC6-4BA6-A65E-3A21079E9988}.Release|ARM.Build.0 = Release|Any CPU
		{AA7753DC-0EC6-4BA6-A65E-3A21079E9988}.Release|x64.ActiveCfg = Release|Any CPU
		{AA7753DC-0EC6-4BA6-A65E-3A21079E9988}.Release|x64.Build.0 = Release|Any CPU
		{AA7753DC-0EC6-4BA6-A65E-3A21079E9988}.Release|x86.ActiveCfg = Release|Any CPU
		{AA7753DC-0EC6-4BA6-A65E-3A21079E9988}.Release|x86.Build.0 = Release|Any CPU
		{419F40FA-5314-48F6-800C-07053F9C88D2}.Debug|Any CPU.ActiveCfg = Debug|Any CPU
		{419F40FA-5314-48F6-800C-07053F9C88D2}.Debug|Any CPU.Build.0 = Debug|Any CPU
		{419F40FA-5314-48F6-800C-07053F9C88D2}.Debug|ARM.ActiveCfg = Debug|Any CPU
		{419F40FA-5314-48F6-800C-07053F9C88D2}.Debug|ARM.Build.0 = Debug|Any CPU
		{419F40FA-5314-48F6-800C-07053F9C88D2}.Debug|x64.ActiveCfg = Debug|Any CPU
		{419F40FA-5314-48F6-800C-07053F9C88D2}.Debug|x64.Build.0 = Debug|Any CPU
		{419F40FA-5314-48F6-800C-07053F9C88D2}.Debug|x86.ActiveCfg = Debug|Any CPU
		{419F40FA-5314-48F6-800C-07053F9C88D2}.Debug|x86.Build.0 = Debug|Any CPU
		{419F40FA-5314-48F6-800C-07053F9C88D2}.Release|Any CPU.ActiveCfg = Release|Any CPU
		{419F40FA-5314-48F6-800C-07053F9C88D2}.Release|Any CPU.Build.0 = Release|Any CPU
		{419F40FA-5314-48F6-800C-07053F9C88D2}.Release|ARM.ActiveCfg = Release|Any CPU
		{419F40FA-5314-48F6-800C-07053F9C88D2}.Release|ARM.Build.0 = Release|Any CPU
		{419F40FA-5314-48F6-800C-07053F9C88D2}.Release|x64.ActiveCfg = Release|Any CPU
		{419F40FA-5314-48F6-800C-07053F9C88D2}.Release|x64.Build.0 = Release|Any CPU
		{419F40FA-5314-48F6-800C-07053F9C88D2}.Release|x86.ActiveCfg = Release|Any CPU
		{419F40FA-5314-48F6-800C-07053F9C88D2}.Release|x86.Build.0 = Release|Any CPU
		{77C5CB14-6CD4-40EE-ACB5-DC9F486E3156}.Debug|Any CPU.ActiveCfg = Debug|Any CPU
		{77C5CB14-6CD4-40EE-ACB5-DC9F486E3156}.Debug|Any CPU.Build.0 = Debug|Any CPU
		{77C5CB14-6CD4-40EE-ACB5-DC9F486E3156}.Debug|ARM.ActiveCfg = Debug|Any CPU
		{77C5CB14-6CD4-40EE-ACB5-DC9F486E3156}.Debug|ARM.Build.0 = Debug|Any CPU
		{77C5CB14-6CD4-40EE-ACB5-DC9F486E3156}.Debug|x64.ActiveCfg = Debug|Any CPU
		{77C5CB14-6CD4-40EE-ACB5-DC9F486E3156}.Debug|x64.Build.0 = Debug|Any CPU
		{77C5CB14-6CD4-40EE-ACB5-DC9F486E3156}.Debug|x86.ActiveCfg = Debug|Any CPU
		{77C5CB14-6CD4-40EE-ACB5-DC9F486E3156}.Debug|x86.Build.0 = Debug|Any CPU
		{77C5CB14-6CD4-40EE-ACB5-DC9F486E3156}.Release|Any CPU.ActiveCfg = Release|Any CPU
		{77C5CB14-6CD4-40EE-ACB5-DC9F486E3156}.Release|Any CPU.Build.0 = Release|Any CPU
		{77C5CB14-6CD4-40EE-ACB5-DC9F486E3156}.Release|ARM.ActiveCfg = Release|Any CPU
		{77C5CB14-6CD4-40EE-ACB5-DC9F486E3156}.Release|ARM.Build.0 = Release|Any CPU
		{77C5CB14-6CD4-40EE-ACB5-DC9F486E3156}.Release|x64.ActiveCfg = Release|Any CPU
		{77C5CB14-6CD4-40EE-ACB5-DC9F486E3156}.Release|x64.Build.0 = Release|Any CPU
		{77C5CB14-6CD4-40EE-ACB5-DC9F486E3156}.Release|x86.ActiveCfg = Release|Any CPU
		{77C5CB14-6CD4-40EE-ACB5-DC9F486E3156}.Release|x86.Build.0 = Release|Any CPU
		{E3324617-AD0D-4DB9-8BDA-8B7DA22C51E1}.Debug|Any CPU.ActiveCfg = Debug|Any CPU
		{E3324617-AD0D-4DB9-8BDA-8B7DA22C51E1}.Debug|Any CPU.Build.0 = Debug|Any CPU
		{E3324617-AD0D-4DB9-8BDA-8B7DA22C51E1}.Debug|ARM.ActiveCfg = Debug|Any CPU
		{E3324617-AD0D-4DB9-8BDA-8B7DA22C51E1}.Debug|ARM.Build.0 = Debug|Any CPU
		{E3324617-AD0D-4DB9-8BDA-8B7DA22C51E1}.Debug|x64.ActiveCfg = Debug|Any CPU
		{E3324617-AD0D-4DB9-8BDA-8B7DA22C51E1}.Debug|x64.Build.0 = Debug|Any CPU
		{E3324617-AD0D-4DB9-8BDA-8B7DA22C51E1}.Debug|x86.ActiveCfg = Debug|Any CPU
		{E3324617-AD0D-4DB9-8BDA-8B7DA22C51E1}.Debug|x86.Build.0 = Debug|Any CPU
		{E3324617-AD0D-4DB9-8BDA-8B7DA22C51E1}.Release|Any CPU.ActiveCfg = Release|Any CPU
		{E3324617-AD0D-4DB9-8BDA-8B7DA22C51E1}.Release|Any CPU.Build.0 = Release|Any CPU
		{E3324617-AD0D-4DB9-8BDA-8B7DA22C51E1}.Release|ARM.ActiveCfg = Release|Any CPU
		{E3324617-AD0D-4DB9-8BDA-8B7DA22C51E1}.Release|ARM.Build.0 = Release|Any CPU
		{E3324617-AD0D-4DB9-8BDA-8B7DA22C51E1}.Release|x64.ActiveCfg = Release|Any CPU
		{E3324617-AD0D-4DB9-8BDA-8B7DA22C51E1}.Release|x64.Build.0 = Release|Any CPU
		{E3324617-AD0D-4DB9-8BDA-8B7DA22C51E1}.Release|x86.ActiveCfg = Release|Any CPU
		{E3324617-AD0D-4DB9-8BDA-8B7DA22C51E1}.Release|x86.Build.0 = Release|Any CPU
		{CDAC6B3B-FB1E-4C67-8CAC-5A10541576F7}.Debug|Any CPU.ActiveCfg = Debug|Any CPU
		{CDAC6B3B-FB1E-4C67-8CAC-5A10541576F7}.Debug|Any CPU.Build.0 = Debug|Any CPU
		{CDAC6B3B-FB1E-4C67-8CAC-5A10541576F7}.Debug|ARM.ActiveCfg = Debug|Any CPU
		{CDAC6B3B-FB1E-4C67-8CAC-5A10541576F7}.Debug|ARM.Build.0 = Debug|Any CPU
		{CDAC6B3B-FB1E-4C67-8CAC-5A10541576F7}.Debug|x64.ActiveCfg = Debug|Any CPU
		{CDAC6B3B-FB1E-4C67-8CAC-5A10541576F7}.Debug|x64.Build.0 = Debug|Any CPU
		{CDAC6B3B-FB1E-4C67-8CAC-5A10541576F7}.Debug|x86.ActiveCfg = Debug|Any CPU
		{CDAC6B3B-FB1E-4C67-8CAC-5A10541576F7}.Debug|x86.Build.0 = Debug|Any CPU
		{CDAC6B3B-FB1E-4C67-8CAC-5A10541576F7}.Release|Any CPU.ActiveCfg = Release|Any CPU
		{CDAC6B3B-FB1E-4C67-8CAC-5A10541576F7}.Release|Any CPU.Build.0 = Release|Any CPU
		{CDAC6B3B-FB1E-4C67-8CAC-5A10541576F7}.Release|ARM.ActiveCfg = Release|Any CPU
		{CDAC6B3B-FB1E-4C67-8CAC-5A10541576F7}.Release|ARM.Build.0 = Release|Any CPU
		{CDAC6B3B-FB1E-4C67-8CAC-5A10541576F7}.Release|x64.ActiveCfg = Release|Any CPU
		{CDAC6B3B-FB1E-4C67-8CAC-5A10541576F7}.Release|x64.Build.0 = Release|Any CPU
		{CDAC6B3B-FB1E-4C67-8CAC-5A10541576F7}.Release|x86.ActiveCfg = Release|Any CPU
		{CDAC6B3B-FB1E-4C67-8CAC-5A10541576F7}.Release|x86.Build.0 = Release|Any CPU
	EndGlobalSection
	GlobalSection(SolutionProperties) = preSolution
		HideSolutionNode = FALSE
	EndGlobalSection
	GlobalSection(ExtensibilityGlobals) = postSolution
		SolutionGuid = {897E0EB4-A3D4-427C-8D6F-9A73BCFD34FD}
	EndGlobalSection
EndGlobal
