
Microsoft Visual Studio Solution File, Format Version 12.00
# Visual Studio 15
VisualStudioVersion = 15.0.27703.2000
MinimumVisualStudioVersion = 10.0.40219.1
Project("{FAE04EC0-301F-11D3-BF4B-00C04F79EFBC}") = "GeomModelirov Kurs", "GeomModelirov Kurs\GeomModelirov Kurs.csproj", "{F614138C-13C8-4F6B-A060-E748069BE9A5}"
EndProject
Global
	GlobalSection(SolutionConfigurationPlatforms) = preSolution
		Debug|Any CPU = Debug|Any CPU
		Release|Any CPU = Release|Any CPU
	EndGlobalSection
	GlobalSection(ProjectConfigurationPlatforms) = postSolution
		{F614138C-13C8-4F6B-A060-E748069BE9A5}.Debug|Any CPU.ActiveCfg = Debug|Any CPU
		{F614138C-13C8-4F6B-A060-E748069BE9A5}.Debug|Any CPU.Build.0 = Debug|Any CPU
		{F614138C-13C8-4F6B-A060-E748069BE9A5}.Release|Any CPU.ActiveCfg = Release|Any CPU
		{F614138C-13C8-4F6B-A060-E748069BE9A5}.Release|Any CPU.Build.0 = Release|Any CPU
	EndGlobalSection
	GlobalSection(SolutionProperties) = preSolution
		HideSolutionNode = FALSE
	EndGlobalSection
	GlobalSection(ExtensibilityGlobals) = postSolution
		SolutionGuid = {B338F1CE-7EA1-4C46-9356-E8CF2346112C}
	EndGlobalSection
EndGlobal
